
Microsoft Visual Studio Solution File, Format Version 12.00
# Visual Studio Version 16
VisualStudioVersion = 16.0.31005.135
MinimumVisualStudioVersion = 10.0.40219.1
Project("{9A19103F-16F7-4668-BE54-9A1E7A4F7556}") = "WebApp", "WebApp\WebApp.csproj", "{C31E70FA-5066-4EFC-9F4C-2CA90A0D7B93}"
EndProject
Project("{9A19103F-16F7-4668-BE54-9A1E7A4F7556}") = "BackOffice", "BackOffice\BackOffice.csproj", "{4451A914-418E-4AAC-856E-028D56B14527}"
EndProject
Project("{9A19103F-16F7-4668-BE54-9A1E7A4F7556}") = "WebApp.UnitTests", "WebApp.UnitTests\WebApp.UnitTests.csproj", "{CC82DF7A-EFC0-402E-A172-CCEE59035124}"
EndProject
Project("{FAE04EC0-301F-11D3-BF4B-00C04F79EFBC}") = "BackOffice.UnitTests", "BackOffice.UnitTests\BackOffice.UnitTests.csproj", "{44951205-7495-479F-B555-AAA03FA5B186}"
EndProject
Global
	GlobalSection(SolutionConfigurationPlatforms) = preSolution
		Debug|Any CPU = Debug|Any CPU
		DEV|Any CPU = DEV|Any CPU
		PREPROD|Any CPU = PREPROD|Any CPU
		QA|Any CPU = QA|Any CPU
		Release|Any CPU = Release|Any CPU
	EndGlobalSection
	GlobalSection(ProjectConfigurationPlatforms) = postSolution
		{C31E70FA-5066-4EFC-9F4C-2CA90A0D7B93}.Debug|Any CPU.ActiveCfg = Debug|Any CPU
		{C31E70FA-5066-4EFC-9F4C-2CA90A0D7B93}.Debug|Any CPU.Build.0 = Debug|Any CPU
		{C31E70FA-5066-4EFC-9F4C-2CA90A0D7B93}.DEV|Any CPU.ActiveCfg = DEV|Any CPU
		{C31E70FA-5066-4EFC-9F4C-2CA90A0D7B93}.DEV|Any CPU.Build.0 = DEV|Any CPU
		{C31E70FA-5066-4EFC-9F4C-2CA90A0D7B93}.PREPROD|Any CPU.ActiveCfg = PREPROD|Any CPU
		{C31E70FA-5066-4EFC-9F4C-2CA90A0D7B93}.PREPROD|Any CPU.Build.0 = PREPROD|Any CPU
		{C31E70FA-5066-4EFC-9F4C-2CA90A0D7B93}.QA|Any CPU.ActiveCfg = QA|Any CPU
		{C31E70FA-5066-4EFC-9F4C-2CA90A0D7B93}.QA|Any CPU.Build.0 = QA|Any CPU
		{C31E70FA-5066-4EFC-9F4C-2CA90A0D7B93}.Release|Any CPU.ActiveCfg = Release|Any CPU
		{C31E70FA-5066-4EFC-9F4C-2CA90A0D7B93}.Release|Any CPU.Build.0 = Release|Any CPU
		{4451A914-418E-4AAC-856E-028D56B14527}.Debug|Any CPU.ActiveCfg = Debug|Any CPU
		{4451A914-418E-4AAC-856E-028D56B14527}.Debug|Any CPU.Build.0 = Debug|Any CPU
		{4451A914-418E-4AAC-856E-028D56B14527}.DEV|Any CPU.ActiveCfg = DEV|Any CPU
		{4451A914-418E-4AAC-856E-028D56B14527}.DEV|Any CPU.Build.0 = DEV|Any CPU
		{4451A914-418E-4AAC-856E-028D56B14527}.PREPROD|Any CPU.ActiveCfg = PREPROD|Any CPU
		{4451A914-418E-4AAC-856E-028D56B14527}.PREPROD|Any CPU.Build.0 = PREPROD|Any CPU
		{4451A914-418E-4AAC-856E-028D56B14527}.QA|Any CPU.ActiveCfg = QA|Any CPU
		{4451A914-418E-4AAC-856E-028D56B14527}.QA|Any CPU.Build.0 = QA|Any CPU
		{4451A914-418E-4AAC-856E-028D56B14527}.Release|Any CPU.ActiveCfg = Release|Any CPU
		{4451A914-418E-4AAC-856E-028D56B14527}.Release|Any CPU.Build.0 = Release|Any CPU
		{CC82DF7A-EFC0-402E-A172-CCEE59035124}.Debug|Any CPU.ActiveCfg = Debug|Any CPU
		{CC82DF7A-EFC0-402E-A172-CCEE59035124}.Debug|Any CPU.Build.0 = Debug|Any CPU
		{CC82DF7A-EFC0-402E-A172-CCEE59035124}.DEV|Any CPU.ActiveCfg = Debug|Any CPU
		{CC82DF7A-EFC0-402E-A172-CCEE59035124}.DEV|Any CPU.Build.0 = Debug|Any CPU
		{CC82DF7A-EFC0-402E-A172-CCEE59035124}.PREPROD|Any CPU.ActiveCfg = Debug|Any CPU
		{CC82DF7A-EFC0-402E-A172-CCEE59035124}.PREPROD|Any CPU.Build.0 = Debug|Any CPU
		{CC82DF7A-EFC0-402E-A172-CCEE59035124}.QA|Any CPU.ActiveCfg = Debug|Any CPU
		{CC82DF7A-EFC0-402E-A172-CCEE59035124}.QA|Any CPU.Build.0 = Debug|Any CPU
		{CC82DF7A-EFC0-402E-A172-CCEE59035124}.Release|Any CPU.ActiveCfg = Release|Any CPU
		{CC82DF7A-EFC0-402E-A172-CCEE59035124}.Release|Any CPU.Build.0 = Release|Any CPU
		{44951205-7495-479F-B555-AAA03FA5B186}.Debug|Any CPU.ActiveCfg = Debug|Any CPU
		{44951205-7495-479F-B555-AAA03FA5B186}.Debug|Any CPU.Build.0 = Debug|Any CPU
		{44951205-7495-479F-B555-AAA03FA5B186}.DEV|Any CPU.ActiveCfg = Debug|Any CPU
		{44951205-7495-479F-B555-AAA03FA5B186}.DEV|Any CPU.Build.0 = Debug|Any CPU
		{44951205-7495-479F-B555-AAA03FA5B186}.PREPROD|Any CPU.ActiveCfg = Debug|Any CPU
		{44951205-7495-479F-B555-AAA03FA5B186}.PREPROD|Any CPU.Build.0 = Debug|Any CPU
		{44951205-7495-479F-B555-AAA03FA5B186}.QA|Any CPU.ActiveCfg = Debug|Any CPU
		{44951205-7495-479F-B555-AAA03FA5B186}.QA|Any CPU.Build.0 = Debug|Any CPU
		{44951205-7495-479F-B555-AAA03FA5B186}.Release|Any CPU.ActiveCfg = Release|Any CPU
		{44951205-7495-479F-B555-AAA03FA5B186}.Release|Any CPU.Build.0 = Release|Any CPU
	EndGlobalSection
	GlobalSection(SolutionProperties) = preSolution
		HideSolutionNode = FALSE
	EndGlobalSection
	GlobalSection(ExtensibilityGlobals) = postSolution
		SolutionGuid = {EE5398C2-FC2F-4A94-8A02-3C6C98D694AD}
	EndGlobalSection
EndGlobal
